Microsoft Visual Studio Solution File, Format Version 12.00
# Visual Studio Version 17
VisualStudioVersion = 17.5.2.0
MinimumVisualStudioVersion = 10.0.40219.1
Project("{FAE04EC0-301F-11D3-BF4B-00C04F79EFBC}") = "BeautySalonBooking", "BeautySalonBooking\BeautySalonBooking.csproj", "{3F97D427-920D-F616-F472-829133ED6DC6}"
EndProject
Global
	GlobalSection(SolutionConfigurationPlatforms) = preSolution
		Debug|Any CPU = Debug|Any CPU
		Release|Any CPU = Release|Any CPU
	EndGlobalSection
	GlobalSection(ProjectConfigurationPlatforms) = postSolution
		{3F97D427-920D-F616-F472-829133ED6DC6}.Debug|Any CPU.ActiveCfg = Debug|Any CPU
		{3F97D427-920D-F616-F472-829133ED6DC6}.Debug|Any CPU.Build.0 = Debug|Any CPU
		{3F97D427-920D-F616-F472-829133ED6DC6}.Release|Any CPU.ActiveCfg = Release|Any CPU
		{3F97D427-920D-F616-F472-829133ED6DC6}.Release|Any CPU.Build.0 = Release|Any CPU
	EndGlobalSection
	GlobalSection(SolutionProperties) = preSolution
		HideSolutionNode = FALSE
	EndGlobalSection
	GlobalSection(ExtensibilityGlobals) = postSolution
		SolutionGuid = {48392238-F0BA-4953-B697-AE80AF85D217}
	EndGlobalSection
EndGlobal
